
Microsoft Visual Studio Solution File, Format Version 12.00
# Visual Studio Version 17
VisualStudioVersion = 17.1.32210.238
MinimumVisualStudioVersion = 10.0.40219.1
Project("{FAE04EC0-301F-11D3-BF4B-00C04F79EFBC}") = "Rubrica.Presentation", "Rubrica.Presentation\Rubrica.Presentation.csproj", "{6A7BB3D3-3DA0-4FEC-A4C3-DCA7D06F1492}"
EndProject
Project("{FAE04EC0-301F-11D3-BF4B-00C04F79EFBC}") = "Rubrica.Core", "Rubrica.Core\Rubrica.Core.csproj", "{740C6E57-9992-4853-8406-B241F9904C72}"
EndProject
Project("{FAE04EC0-301F-11D3-BF4B-00C04F79EFBC}") = "Rubrica.RepositoryADO", "Rubrica.RepositoryADO\Rubrica.RepositoryADO.csproj", "{A3F7D4FF-27B9-44F0-BB5A-C2450013453C}"
EndProject
Project("{FAE04EC0-301F-11D3-BF4B-00C04F79EFBC}") = "Rubrica.RepositoryMOCK", "Rubrica.RepositoryMOCK\Rubrica.RepositoryMOCK.csproj", "{7DA1D0FC-5040-49F9-8E2C-D706EC1305F6}"
EndProject
Global
	GlobalSection(SolutionConfigurationPlatforms) = preSolution
		Debug|Any CPU = Debug|Any CPU
		Release|Any CPU = Release|Any CPU
	EndGlobalSection
	GlobalSection(ProjectConfigurationPlatforms) = postSolution
		{6A7BB3D3-3DA0-4FEC-A4C3-DCA7D06F1492}.Debug|Any CPU.ActiveCfg = Debug|Any CPU
		{6A7BB3D3-3DA0-4FEC-A4C3-DCA7D06F1492}.Debug|Any CPU.Build.0 = Debug|Any CPU
		{6A7BB3D3-3DA0-4FEC-A4C3-DCA7D06F1492}.Release|Any CPU.ActiveCfg = Release|Any CPU
		{6A7BB3D3-3DA0-4FEC-A4C3-DCA7D06F1492}.Release|Any CPU.Build.0 = Release|Any CPU
		{740C6E57-9992-4853-8406-B241F9904C72}.Debug|Any CPU.ActiveCfg = Debug|Any CPU
		{740C6E57-9992-4853-8406-B241F9904C72}.Debug|Any CPU.Build.0 = Debug|Any CPU
		{740C6E57-9992-4853-8406-B241F9904C72}.Release|Any CPU.ActiveCfg = Release|Any CPU
		{740C6E57-9992-4853-8406-B241F9904C72}.Release|Any CPU.Build.0 = Release|Any CPU
		{A3F7D4FF-27B9-44F0-BB5A-C2450013453C}.Debug|Any CPU.ActiveCfg = Debug|Any CPU
		{A3F7D4FF-27B9-44F0-BB5A-C2450013453C}.Debug|Any CPU.Build.0 = Debug|Any CPU
		{A3F7D4FF-27B9-44F0-BB5A-C2450013453C}.Release|Any CPU.ActiveCfg = Release|Any CPU
		{A3F7D4FF-27B9-44F0-BB5A-C2450013453C}.Release|Any CPU.Build.0 = Release|Any CPU
		{7DA1D0FC-5040-49F9-8E2C-D706EC1305F6}.Debug|Any CPU.ActiveCfg = Debug|Any CPU
		{7DA1D0FC-5040-49F9-8E2C-D706EC1305F6}.Debug|Any CPU.Build.0 = Debug|Any CPU
		{7DA1D0FC-5040-49F9-8E2C-D706EC1305F6}.Release|Any CPU.ActiveCfg = Release|Any CPU
		{7DA1D0FC-5040-49F9-8E2C-D706EC1305F6}.Release|Any CPU.Build.0 = Release|Any CPU
	EndGlobalSection
	GlobalSection(SolutionProperties) = preSolution
		HideSolutionNode = FALSE
	EndGlobalSection
	GlobalSection(ExtensibilityGlobals) = postSolution
		SolutionGuid = {7B9981CB-3181-405A-8340-BA5BBA59C450}
	EndGlobalSection
EndGlobal
